// !$*UTF8*$!
{
	archiveVersion = 1;
	classes = {
	};
	objectVersion = 53;
	objects = {

/* Begin PBXBuildFile section */
		05B5C074F39AD26695AB804A /* Pods_FoodPinUITests.framework in Frameworks */ = {isa = PBXBuildFile; fileRef = 3A53AF1B3B6D628234097897 /* Pods_FoodPinUITests.framework */; };
		1078CE66C6F0E15E574A303D /* Pods_FoodPin.framework in Frameworks */ = {isa = PBXBuildFile; fileRef = CE765CBC10D4D1BFDD1D6159 /* Pods_FoodPin.framework */; settings = {ATTRIBUTES = (Weak, ); }; };
		1D061C7C24776A8600E04F04 /* FoodPinUITests.xctest in Resources */ = {isa = PBXBuildFile; fileRef = 1D8EBB1D23B504C100A95F13 /* FoodPinUITests.xctest */; };
		1D061C7D24776A8700E04F04 /* FoodPinUITests.xctest in Resources */ = {isa = PBXBuildFile; fileRef = 1D8EBB1D23B504C100A95F13 /* FoodPinUITests.xctest */; };
		1D297A2B2465C10000425E88 /* Food101.mlmodel in Sources */ = {isa = PBXBuildFile; fileRef = 1D297A2A2465C10000425E88 /* Food101.mlmodel */; };
		1D297A2D2465EA7B00425E88 /* emojiyum.scn in Resources */ = {isa = PBXBuildFile; fileRef = 1D297A2C2465EA7A00425E88 /* emojiyum.scn */; };
		1D297A2F2465F09200425E88 /* RateEmojiViewController.swift in Sources */ = {isa = PBXBuildFile; fileRef = 1D83945C245A84A3000D4F80 /* RateEmojiViewController.swift */; };
		1D297A312465F0A500425E88 /* emojiyum.scn in Resources */ = {isa = PBXBuildFile; fileRef = 1D297A2C2465EA7A00425E88 /* emojiyum.scn */; };
		1D297A322465F0A600425E88 /* emojiyum.scn in Resources */ = {isa = PBXBuildFile; fileRef = 1D297A2C2465EA7A00425E88 /* emojiyum.scn */; };
		1D297A332465F19400425E88 /* RateEmojiViewController.swift in Sources */ = {isa = PBXBuildFile; fileRef = 1D83945C245A84A3000D4F80 /* RateEmojiViewController.swift */; };
		1D297A3724677D8700425E88 /* OBJ thinking.scn in Resources */ = {isa = PBXBuildFile; fileRef = 1D297A3624677D8700425E88 /* OBJ thinking.scn */; };
		1D297A3C2467A15C00425E88 /* ContentView.swift in Sources */ = {isa = PBXBuildFile; fileRef = 1D297A3B2467A15C00425E88 /* ContentView.swift */; };
		1D297A412467A33200425E88 /* CloudKit.framework in Frameworks */ = {isa = PBXBuildFile; fileRef = 1D297A402467A33200425E88 /* CloudKit.framework */; };
		1D297A452467C03700425E88 /* RealContentViewController.swift in Sources */ = {isa = PBXBuildFile; fileRef = 1D297A442467C03700425E88 /* RealContentViewController.swift */; };
		1D40AD3423D2525300FDB4C6 /* Restaurant.swift in Sources */ = {isa = PBXBuildFile; fileRef = 1D40AD3323D2525300FDB4C6 /* Restaurant.swift */; };
		1D40AD8323D7DD3400FDB4C6 /* RestaurantMenuBookCollege.ttf in Resources */ = {isa = PBXBuildFile; fileRef = 1D40AD7F23D7DD3400FDB4C6 /* RestaurantMenuBookCollege.ttf */; };
		1D40AD8423D7DD3400FDB4C6 /* RestaurantMenuHollow.ttf in Resources */ = {isa = PBXBuildFile; fileRef = 1D40AD8023D7DD3400FDB4C6 /* RestaurantMenuHollow.ttf */; };
		1D40AD8523D7DD3400FDB4C6 /* RestaurantMenuBook.ttf in Resources */ = {isa = PBXBuildFile; fileRef = 1D40AD8123D7DD3400FDB4C6 /* RestaurantMenuBook.ttf */; };
		1D40AD8823D7FDED00FDB4C6 /* Rubik-Medium.ttf in Resources */ = {isa = PBXBuildFile; fileRef = 1D40AD8723D7FDED00FDB4C6 /* Rubik-Medium.ttf */; };
		1D40AD8A23D80AF000FDB4C6 /* Rubik-Regular.ttf in Resources */ = {isa = PBXBuildFile; fileRef = 1D40AD8923D80AF000FDB4C6 /* Rubik-Regular.ttf */; };
		1D40AD8C23D8A10A00FDB4C6 /* RestaurantDetailHeaderView.swift in Sources */ = {isa = PBXBuildFile; fileRef = 1D40AD8B23D8A10A00FDB4C6 /* RestaurantDetailHeaderView.swift */; };
		1D40AD8E23DB8C8500FDB4C6 /* RestaurantDetailIconTextTableViewCell.swift in Sources */ = {isa = PBXBuildFile; fileRef = 1D40AD8D23DB8C8500FDB4C6 /* RestaurantDetailIconTextTableViewCell.swift */; };
		1D40AD9023DB94CE00FDB4C6 /* Rubik-Light.ttf in Resources */ = {isa = PBXBuildFile; fileRef = 1D40AD8F23DB94CE00FDB4C6 /* Rubik-Light.ttf */; };
		1D40AD9223DB95E600FDB4C6 /* RestaurantDetailTextCell.swift in Sources */ = {isa = PBXBuildFile; fileRef = 1D40AD9123DB95E600FDB4C6 /* RestaurantDetailTextCell.swift */; };
		1D5B105B23D0DCCA009DCE45 /* RestaurantDetailViewController.swift in Sources */ = {isa = PBXBuildFile; fileRef = 1D5B105A23D0DCCA009DCE45 /* RestaurantDetailViewController.swift */; };
		1D6A507D245E2AA9007F434D /* OnBoarding.storyboard in Resources */ = {isa = PBXBuildFile; fileRef = 1D6A507C245E2AA9007F434D /* OnBoarding.storyboard */; };
		1D6A507F245F2F88007F434D /* WalkthroughViewController.swift in Sources */ = {isa = PBXBuildFile; fileRef = 1D6A507E245F2F88007F434D /* WalkthroughViewController.swift */; };
		1D6A5081245F3626007F434D /* WalkthroughPageViewController.swift in Sources */ = {isa = PBXBuildFile; fileRef = 1D6A5080245F3626007F434D /* WalkthroughPageViewController.swift */; };
		1D6A5083245F36FB007F434D /* WalkthroughContentViewController.swift in Sources */ = {isa = PBXBuildFile; fileRef = 1D6A5082245F36FB007F434D /* WalkthroughContentViewController.swift */; };
		1D6A508D245FB9A9007F434D /* Discover.storyboard in Resources */ = {isa = PBXBuildFile; fileRef = 1D6A508C245FB9A9007F434D /* Discover.storyboard */; };
		1D6A5090245FC653007F434D /* About.storyboard in Resources */ = {isa = PBXBuildFile; fileRef = 1D6A508E245FC653007F434D /* About.storyboard */; };
		1D6A509224609222007F434D /* AboutTableTableViewController.swift in Sources */ = {isa = PBXBuildFile; fileRef = 1D6A509124609222007F434D /* AboutTableTableViewController.swift */; };
		1D6A50942460A3C2007F434D /* WebViewController.swift in Sources */ = {isa = PBXBuildFile; fileRef = 1D6A50932460A3C2007F434D /* WebViewController.swift */; };
		1D6A98E3246CB227008E4525 /* DiscoverTableViewController.swift in Sources */ = {isa = PBXBuildFile; fileRef = 1D6A98E2246CB227008E4525 /* DiscoverTableViewController.swift */; };
		1D6A98E5246CC09B008E4525 /* DiscoverTableViewCell.swift in Sources */ = {isa = PBXBuildFile; fileRef = 1D6A98E4246CC09B008E4525 /* DiscoverTableViewCell.swift */; };
		1D6A98E7246E464E008E4525 /* LoginView.swift in Sources */ = {isa = PBXBuildFile; fileRef = 1D6A98E6246E464E008E4525 /* LoginView.swift */; };
		1D6A98E924707035008E4525 /* PhotoViewController.swift in Sources */ = {isa = PBXBuildFile; fileRef = 1D6A98E824707035008E4525 /* PhotoViewController.swift */; };
		1D6A98EF2475D4F3008E4525 /* FoodPinTests.xctest in Resources */ = {isa = PBXBuildFile; fileRef = 1D8EBB1223B504C100A95F13 /* FoodPinTests.xctest */; };
		1D6A98F02475D4F4008E4525 /* FoodPinTests.xctest in Resources */ = {isa = PBXBuildFile; fileRef = 1D8EBB1223B504C100A95F13 /* FoodPinTests.xctest */; };
		1D6A98F22475D4F8008E4525 /* NaijaFoodPin.app in Resources */ = {isa = PBXBuildFile; fileRef = 1D8EBAFC23B504BF00A95F13 /* NaijaFoodPin.app */; platformFilter = ios; };
		1D6A98F32475D4F9008E4525 /* NaijaFoodPin.app in Resources */ = {isa = PBXBuildFile; fileRef = 1D8EBAFC23B504BF00A95F13 /* NaijaFoodPin.app */; platformFilter = ios; };
		1D6CEA942425162B00325A55 /* UIColor+ext.swift in Sources */ = {isa = PBXBuildFile; fileRef = 1D6CEA932425162B00325A55 /* UIColor+ext.swift */; };
		1D6CEA9B24294CFE00325A55 /* UINavigationController+ext.swift in Sources */ = {isa = PBXBuildFile; fileRef = 1D6CEA9A24294CFE00325A55 /* UINavigationController+ext.swift */; };
		1D6CEA9E2429691500325A55 /* MapKit.framework in Frameworks */ = {isa = PBXBuildFile; fileRef = 1D6CEA9D2429691500325A55 /* MapKit.framework */; };
		1D6CEAA02429B95500325A55 /* SeparatorTableViewCell.swift in Sources */ = {isa = PBXBuildFile; fileRef = 1D6CEA9F2429B95500325A55 /* SeparatorTableViewCell.swift */; };
		1D6CEAA2242A59E600325A55 /* MapKitTableViewCell.swift in Sources */ = {isa = PBXBuildFile; fileRef = 1D6CEAA1242A59E600325A55 /* MapKitTableViewCell.swift */; };
		1D6CEAA4242D02F600325A55 /* MapViewController.swift in Sources */ = {isa = PBXBuildFile; fileRef = 1D6CEAA3242D02F600325A55 /* MapViewController.swift */; };
		1D6CEAA6242E90B800325A55 /* ReviewViewController.swift in Sources */ = {isa = PBXBuildFile; fileRef = 1D6CEAA5242E90B800325A55 /* ReviewViewController.swift */; };
		1D83945D245A84A3000D4F80 /* RateEmojiViewController.swift in Sources */ = {isa = PBXBuildFile; fileRef = 1D83945C245A84A3000D4F80 /* RateEmojiViewController.swift */; };
		1D894F132432471500EA14DE /* RouteTableViewController.swift in Sources */ = {isa = PBXBuildFile; fileRef = 1D894F122432471500EA14DE /* RouteTableViewController.swift */; };
		1D894F15243581C900EA14DE /* RoundedTextField.swift in Sources */ = {isa = PBXBuildFile; fileRef = 1D894F14243581C900EA14DE /* RoundedTextField.swift */; };
		1D894F1B2437E96600EA14DE /* NewRestaurantTableViewController.swift in Sources */ = {isa = PBXBuildFile; fileRef = 1D894F1A2437E96600EA14DE /* NewRestaurantTableViewController.swift */; };
		1D894F26243BEE3C00EA14DE /* FoodPin.xcdatamodeld in Sources */ = {isa = PBXBuildFile; fileRef = 1D894F24243BEE3C00EA14DE /* FoodPin.xcdatamodeld */; };
		1D8EBB0023B504BF00A95F13 /* AppDelegate.swift in Sources */ = {isa = PBXBuildFile; fileRef = 1D8EBAFF23B504BF00A95F13 /* AppDelegate.swift */; };
		1D8EBB0223B504BF00A95F13 /* SceneDelegate.swift in Sources */ = {isa = PBXBuildFile; fileRef = 1D8EBB0123B504BF00A95F13 /* SceneDelegate.swift */; };
		1D8EBB0723B504BF00A95F13 /* Main.storyboard in Resources */ = {isa = PBXBuildFile; fileRef = 1D8EBB0523B504BF00A95F13 /* Main.storyboard */; };
		1D8EBB0923B504C100A95F13 /* Assets.xcassets in Resources */ = {isa = PBXBuildFile; fileRef = 1D8EBB0823B504C100A95F13 /* Assets.xcassets */; };
		1D8EBB0C23B504C100A95F13 /* LaunchScreen.storyboard in Resources */ = {isa = PBXBuildFile; fileRef = 1D8EBB0A23B504C100A95F13 /* LaunchScreen.storyboard */; };
		1D8EBB1723B504C100A95F13 /* FoodPinTests.swift in Sources */ = {isa = PBXBuildFile; fileRef = 1D8EBB1623B504C100A95F13 /* FoodPinTests.swift */; };
		1D8EBB2223B504C100A95F13 /* FoodPinUITests.swift in Sources */ = {isa = PBXBuildFile; fileRef = 1D8EBB2123B504C100A95F13 /* FoodPinUITests.swift */; };
		1D8EBB3023B55A6800A95F13 /* RestaurantTableViewController.swift in Sources */ = {isa = PBXBuildFile; fileRef = 1D8EBB2F23B55A6800A95F13 /* RestaurantTableViewController.swift */; };
		1DEF7FFF23BA7DFF002D98C1 /* RestaurantTableViewCell.swift in Sources */ = {isa = PBXBuildFile; fileRef = 1DEF7FFE23BA7DFF002D98C1 /* RestaurantTableViewCell.swift */; };
		F046776DBEE94A2D53804806 /* Pods_FoodPinTests.framework in Frameworks */ = {isa = PBXBuildFile; fileRef = F50A53AC5D3A6C0495D2FB91 /* Pods_FoodPinTests.framework */; };
/* End PBXBuildFile section */

/* Begin PBXContainerItemProxy section */
		1D8EBB1323B504C100A95F13 /* PBXContainerItemProxy */ = {
			isa = PBXContainerItemProxy;
			containerPortal = 1D8EBAF423B504BF00A95F13 /* Project object */;
			proxyType = 1;
			remoteGlobalIDString = 1D8EBAFB23B504BF00A95F13;
			remoteInfo = FoodPin;
		};
		1D8EBB1E23B504C100A95F13 /* PBXContainerItemProxy */ = {
			isa = PBXContainerItemProxy;
			containerPortal = 1D8EBAF423B504BF00A95F13 /* Project object */;
			proxyType = 1;
			remoteGlobalIDString = 1D8EBAFB23B504BF00A95F13;
			remoteInfo = FoodPin;
		};
/* End PBXContainerItemProxy section */

/* Begin PBXFileReference section */
		1D297A2A2465C10000425E88 /* Food101.mlmodel */ = {isa = PBXFileReference; lastKnownFileType = file.mlmodel; path = Food101.mlmodel; sourceTree = "<group>"; };
		1D297A2C2465EA7A00425E88 /* emojiyum.scn */ = {isa = PBXFileReference; lastKnownFileType = file.bplist; path = emojiyum.scn; sourceTree = "<group>"; };
		1D297A3624677D8700425E88 /* OBJ thinking.scn */ = {isa = PBXFileReference; lastKnownFileType = file.bplist; path = "OBJ thinking.scn"; sourceTree = "<group>"; };
		1D297A3B2467A15C00425E88 /* ContentView.swift */ = {isa = PBXFileReference; lastKnownFileType = sourcecode.swift; path = ContentView.swift; sourceTree = "<group>"; };
		1D297A402467A33200425E88 /* CloudKit.framework */ = {isa = PBXFileReference; lastKnownFileType = wrapper.framework; name = CloudKit.framework; path = System/Library/Frameworks/CloudKit.framework; sourceTree = SDKROOT; };
		1D297A442467C03700425E88 /* RealContentViewController.swift */ = {isa = PBXFileReference; lastKnownFileType = sourcecode.swift; path = RealContentViewController.swift; sourceTree = "<group>"; };
		1D40AD3323D2525300FDB4C6 /* Restaurant.swift */ = {isa = PBXFileReference; lastKnownFileType = sourcecode.swift; path = Restaurant.swift; sourceTree = "<group>"; };
		1D40AD7F23D7DD3400FDB4C6 /* RestaurantMenuBookCollege.ttf */ = {isa = PBXFileReference; lastKnownFileType = file; path = RestaurantMenuBookCollege.ttf; sourceTree = "<group>"; };
		1D40AD8023D7DD3400FDB4C6 /* RestaurantMenuHollow.ttf */ = {isa = PBXFileReference; lastKnownFileType = file; path = RestaurantMenuHollow.ttf; sourceTree = "<group>"; };
		1D40AD8123D7DD3400FDB4C6 /* RestaurantMenuBook.ttf */ = {isa = PBXFileReference; lastKnownFileType = file; path = RestaurantMenuBook.ttf; sourceTree = "<group>"; };
		1D40AD8223D7DD3400FDB4C6 /* RestaurantMenu.ttf */ = {isa = PBXFileReference; explicitFileType = sourcecode.swift; path = RestaurantMenu.ttf; sourceTree = "<group>"; };
		1D40AD8723D7FDED00FDB4C6 /* Rubik-Medium.ttf */ = {isa = PBXFileReference; lastKnownFileType = file; path = "Rubik-Medium.ttf"; sourceTree = "<group>"; };
		1D40AD8923D80AF000FDB4C6 /* Rubik-Regular.ttf */ = {isa = PBXFileReference; lastKnownFileType = file; path = "Rubik-Regular.ttf"; sourceTree = "<group>"; };
		1D40AD8B23D8A10A00FDB4C6 /* RestaurantDetailHeaderView.swift */ = {isa = PBXFileReference; lastKnownFileType = sourcecode.swift; path = RestaurantDetailHeaderView.swift; sourceTree = "<group>"; };
		1D40AD8D23DB8C8500FDB4C6 /* RestaurantDetailIconTextTableViewCell.swift */ = {isa = PBXFileReference; lastKnownFileType = sourcecode.swift; path = RestaurantDetailIconTextTableViewCell.swift; sourceTree = "<group>"; };
		1D40AD8F23DB94CE00FDB4C6 /* Rubik-Light.ttf */ = {isa = PBXFileReference; lastKnownFileType = file; path = "Rubik-Light.ttf"; sourceTree = "<group>"; };
		1D40AD9123DB95E600FDB4C6 /* RestaurantDetailTextCell.swift */ = {isa = PBXFileReference; lastKnownFileType = sourcecode.swift; path = RestaurantDetailTextCell.swift; sourceTree = "<group>"; };
		1D5B105A23D0DCCA009DCE45 /* RestaurantDetailViewController.swift */ = {isa = PBXFileReference; lastKnownFileType = sourcecode.swift; path = RestaurantDetailViewController.swift; sourceTree = "<group>"; };
		1D6A507C245E2AA9007F434D /* OnBoarding.storyboard */ = {isa = PBXFileReference; lastKnownFileType = file.storyboard; path = OnBoarding.storyboard; sourceTree = "<group>"; };
		1D6A507E245F2F88007F434D /* WalkthroughViewController.swift */ = {isa = PBXFileReference; lastKnownFileType = sourcecode.swift; path = WalkthroughViewController.swift; sourceTree = "<group>"; };
		1D6A5080245F3626007F434D /* WalkthroughPageViewController.swift */ = {isa = PBXFileReference; lastKnownFileType = sourcecode.swift; path = WalkthroughPageViewController.swift; sourceTree = "<group>"; };
		1D6A5082245F36FB007F434D /* WalkthroughContentViewController.swift */ = {isa = PBXFileReference; lastKnownFileType = sourcecode.swift; path = WalkthroughContentViewController.swift; sourceTree = "<group>"; };
		1D6A508C245FB9A9007F434D /* Discover.storyboard */ = {isa = PBXFileReference; fileEncoding = 4; lastKnownFileType = file.storyboard; path = Discover.storyboard; sourceTree = "<group>"; };
		1D6A508F245FC653007F434D /* Base */ = {isa = PBXFileReference; lastKnownFileType = file.storyboard; name = Base; path = FoodPin/Storyboards/Base.lproj/About.storyboard; sourceTree = "<group>"; };
		1D6A509124609222007F434D /* AboutTableTableViewController.swift */ = {isa = PBXFileReference; lastKnownFileType = sourcecode.swift; path = AboutTableTableViewController.swift; sourceTree = "<group>"; };
		1D6A50932460A3C2007F434D /* WebViewController.swift */ = {isa = PBXFileReference; lastKnownFileType = sourcecode.swift; path = WebViewController.swift; sourceTree = "<group>"; };
		1D6A50952460C3D5007F434D /* NaijaFoodPin.entitlements */ = {isa = PBXFileReference; lastKnownFileType = text.plist.entitlements; path = NaijaFoodPin.entitlements; sourceTree = "<group>"; };
		1D6A98E2246CB227008E4525 /* DiscoverTableViewController.swift */ = {isa = PBXFileReference; lastKnownFileType = sourcecode.swift; path = DiscoverTableViewController.swift; sourceTree = "<group>"; };
		1D6A98E4246CC09B008E4525 /* DiscoverTableViewCell.swift */ = {isa = PBXFileReference; lastKnownFileType = sourcecode.swift; path = DiscoverTableViewCell.swift; sourceTree = "<group>"; };
		1D6A98E6246E464E008E4525 /* LoginView.swift */ = {isa = PBXFileReference; lastKnownFileType = sourcecode.swift; path = LoginView.swift; sourceTree = "<group>"; };
		1D6A98E824707035008E4525 /* PhotoViewController.swift */ = {isa = PBXFileReference; lastKnownFileType = sourcecode.swift; path = PhotoViewController.swift; sourceTree = "<group>"; };
		1D6CEA932425162B00325A55 /* UIColor+ext.swift */ = {isa = PBXFileReference; lastKnownFileType = sourcecode.swift; path = "UIColor+ext.swift"; sourceTree = "<group>"; };
		1D6CEA9A24294CFE00325A55 /* UINavigationController+ext.swift */ = {isa = PBXFileReference; lastKnownFileType = sourcecode.swift; path = "UINavigationController+ext.swift"; sourceTree = "<group>"; };
		1D6CEA9D2429691500325A55 /* MapKit.framework */ = {isa = PBXFileReference; lastKnownFileType = wrapper.framework; name = MapKit.framework; path = System/Library/Frameworks/MapKit.framework; sourceTree = SDKROOT; };
		1D6CEA9F2429B95500325A55 /* SeparatorTableViewCell.swift */ = {isa = PBXFileReference; lastKnownFileType = sourcecode.swift; path = SeparatorTableViewCell.swift; sourceTree = "<group>"; };
		1D6CEAA1242A59E600325A55 /* MapKitTableViewCell.swift */ = {isa = PBXFileReference; lastKnownFileType = sourcecode.swift; path = MapKitTableViewCell.swift; sourceTree = "<group>"; };
		1D6CEAA3242D02F600325A55 /* MapViewController.swift */ = {isa = PBXFileReference; lastKnownFileType = sourcecode.swift; path = MapViewController.swift; sourceTree = "<group>"; };
		1D6CEAA5242E90B800325A55 /* ReviewViewController.swift */ = {isa = PBXFileReference; lastKnownFileType = sourcecode.swift; path = ReviewViewController.swift; sourceTree = "<group>"; };
		1D83945C245A84A3000D4F80 /* RateEmojiViewController.swift */ = {isa = PBXFileReference; lastKnownFileType = sourcecode.swift; path = RateEmojiViewController.swift; sourceTree = "<group>"; };
		1D894F122432471500EA14DE /* RouteTableViewController.swift */ = {isa = PBXFileReference; lastKnownFileType = sourcecode.swift; path = RouteTableViewController.swift; sourceTree = "<group>"; };
		1D894F14243581C900EA14DE /* RoundedTextField.swift */ = {isa = PBXFileReference; lastKnownFileType = sourcecode.swift; path = RoundedTextField.swift; sourceTree = "<group>"; };
		1D894F1A2437E96600EA14DE /* NewRestaurantTableViewController.swift */ = {isa = PBXFileReference; lastKnownFileType = sourcecode.swift; path = NewRestaurantTableViewController.swift; sourceTree = "<group>"; };
		1D894F25243BEE3C00EA14DE /* FoodPin.xcdatamodel */ = {isa = PBXFileReference; lastKnownFileType = wrapper.xcdatamodel; path = FoodPin.xcdatamodel; sourceTree = "<group>"; };
		1D8EBAFC23B504BF00A95F13 /* NaijaFoodPin.app */ = {isa = PBXFileReference; explicitFileType = wrapper.application; includeInIndex = 0; path = NaijaFoodPin.app; sourceTree = BUILT_PRODUCTS_DIR; };
		1D8EBAFF23B504BF00A95F13 /* AppDelegate.swift */ = {isa = PBXFileReference; lastKnownFileType = sourcecode.swift; path = AppDelegate.swift; sourceTree = "<group>"; };
		1D8EBB0123B504BF00A95F13 /* SceneDelegate.swift */ = {isa = PBXFileReference; lastKnownFileType = sourcecode.swift; path = SceneDelegate.swift; sourceTree = "<group>"; };
		1D8EBB0623B504BF00A95F13 /* Base */ = {isa = PBXFileReference; lastKnownFileType = file.storyboard; name = Base; path = Base.lproj/Main.storyboard; sourceTree = "<group>"; };
		1D8EBB0823B504C100A95F13 /* Assets.xcassets */ = {isa = PBXFileReference; lastKnownFileType = folder.assetcatalog; path = Assets.xcassets; sourceTree = "<group>"; };
		1D8EBB0B23B504C100A95F13 /* Base */ = {isa = PBXFileReference; lastKnownFileType = file.storyboard; name = Base; path = Base.lproj/LaunchScreen.storyboard; sourceTree = "<group>"; };
		1D8EBB0D23B504C100A95F13 /* Info.plist */ = {isa = PBXFileReference; lastKnownFileType = text.plist.xml; path = Info.plist; sourceTree = "<group>"; };
		1D8EBB1223B504C100A95F13 /* FoodPinTests.xctest */ = {isa = PBXFileReference; explicitFileType = wrapper.cfbundle; includeInIndex = 0; path = FoodPinTests.xctest; sourceTree = BUILT_PRODUCTS_DIR; };
		1D8EBB1623B504C100A95F13 /* FoodPinTests.swift */ = {isa = PBXFileReference; lastKnownFileType = sourcecode.swift; path = FoodPinTests.swift; sourceTree = "<group>"; };
		1D8EBB1823B504C100A95F13 /* Info.plist */ = {isa = PBXFileReference; lastKnownFileType = text.plist.xml; path = Info.plist; sourceTree = "<group>"; };
		1D8EBB1D23B504C100A95F13 /* FoodPinUITests.xctest */ = {isa = PBXFileReference; explicitFileType = wrapper.cfbundle; includeInIndex = 0; path = FoodPinUITests.xctest; sourceTree = BUILT_PRODUCTS_DIR; };
		1D8EBB2123B504C100A95F13 /* FoodPinUITests.swift */ = {isa = PBXFileReference; lastKnownFileType = sourcecode.swift; path = FoodPinUITests.swift; sourceTree = "<group>"; };
		1D8EBB2323B504C100A95F13 /* Info.plist */ = {isa = PBXFileReference; lastKnownFileType = text.plist.xml; path = Info.plist; sourceTree = "<group>"; };
		1D8EBB2F23B55A6800A95F13 /* RestaurantTableViewController.swift */ = {isa = PBXFileReference; lastKnownFileType = sourcecode.swift; path = RestaurantTableViewController.swift; sourceTree = "<group>"; };
		1DEF7FFE23BA7DFF002D98C1 /* RestaurantTableViewCell.swift */ = {isa = PBXFileReference; lastKnownFileType = sourcecode.swift; path = RestaurantTableViewCell.swift; sourceTree = "<group>"; };
		3128AB8AF364DABB9E81E7C9 /* Pods-FoodPinUITests.release.xcconfig */ = {isa = PBXFileReference; includeInIndex = 1; lastKnownFileType = text.xcconfig; name = "Pods-FoodPinUITests.release.xcconfig"; path = "Pods/Target Support Files/Pods-FoodPinUITests/Pods-FoodPinUITests.release.xcconfig"; sourceTree = "<group>"; };
		329F81158023D6E982530B7E /* Pods-FoodPinTests.debug.xcconfig */ = {isa = PBXFileReference; includeInIndex = 1; lastKnownFileType = text.xcconfig; name = "Pods-FoodPinTests.debug.xcconfig"; path = "Pods/Target Support Files/Pods-FoodPinTests/Pods-FoodPinTests.debug.xcconfig"; sourceTree = "<group>"; };
		39587D2EB077FC465E318F87 /* Pods-FoodPinTests.release.xcconfig */ = {isa = PBXFileReference; includeInIndex = 1; lastKnownFileType = text.xcconfig; name = "Pods-FoodPinTests.release.xcconfig"; path = "Pods/Target Support Files/Pods-FoodPinTests/Pods-FoodPinTests.release.xcconfig"; sourceTree = "<group>"; };
		3A53AF1B3B6D628234097897 /* Pods_FoodPinUITests.framework */ = {isa = PBXFileReference; explicitFileType = wrapper.framework; includeInIndex = 0; path = Pods_FoodPinUITests.framework; sourceTree = BUILT_PRODUCTS_DIR; };
		7EB2A67BC2B8D16E977F87FC /* Pods-FoodPin.release.xcconfig */ = {isa = PBXFileReference; includeInIndex = 1; lastKnownFileType = text.xcconfig; name = "Pods-FoodPin.release.xcconfig"; path = "Pods/Target Support Files/Pods-FoodPin/Pods-FoodPin.release.xcconfig"; sourceTree = "<group>"; };
		B223413B015174379A4A991E /* Pods-FoodPin.debug.xcconfig */ = {isa = PBXFileReference; includeInIndex = 1; lastKnownFileType = text.xcconfig; name = "Pods-FoodPin.debug.xcconfig"; path = "Pods/Target Support Files/Pods-FoodPin/Pods-FoodPin.debug.xcconfig"; sourceTree = "<group>"; };
		C6AE7F02D213D8101AFC8727 /* Pods-FoodPinUITests.debug.xcconfig */ = {isa = PBXFileReference; includeInIndex = 1; lastKnownFileType = text.xcconfig; name = "Pods-FoodPinUITests.debug.xcconfig"; path = "Pods/Target Support Files/Pods-FoodPinUITests/Pods-FoodPinUITests.debug.xcconfig"; sourceTree = "<group>"; };
		CE765CBC10D4D1BFDD1D6159 /* Pods_FoodPin.framework */ = {isa = PBXFileReference; explicitFileType = wrapper.framework; includeInIndex = 0; path = Pods_FoodPin.framework; sourceTree = BUILT_PRODUCTS_DIR; };
		F50A53AC5D3A6C0495D2FB91 /* Pods_FoodPinTests.framework */ = {isa = PBXFileReference; explicitFileType = wrapper.framework; includeInIndex = 0; path = Pods_FoodPinTests.framework; sourceTree = BUILT_PRODUCTS_DIR; };
/* End PBXFileReference section */

/* Begin PBXFrameworksBuildPhase section */
		1D8EBAF923B504BF00A95F13 /* Frameworks */ = {
			isa = PBXFrameworksBuildPhase;
			buildActionMask = 2147483647;
			files = (
				1D6CEA9E2429691500325A55 /* MapKit.framework in Frameworks */,
				1D297A412467A33200425E88 /* CloudKit.framework in Frameworks */,
				1078CE66C6F0E15E574A303D /* Pods_FoodPin.framework in Frameworks */,
			);
			runOnlyForDeploymentPostprocessing = 0;
		};
		1D8EBB0F23B504C100A95F13 /* Frameworks */ = {
			isa = PBXFrameworksBuildPhase;
			buildActionMask = 2147483647;
			files = (
				F046776DBEE94A2D53804806 /* Pods_FoodPinTests.framework in Frameworks */,
			);
			runOnlyForDeploymentPostprocessing = 0;
		};
		1D8EBB1A23B504C100A95F13 /* Frameworks */ = {
			isa = PBXFrameworksBuildPhase;
			buildActionMask = 2147483647;
			files = (
				05B5C074F39AD26695AB804A /* Pods_FoodPinUITests.framework in Frameworks */,
			);
			runOnlyForDeploymentPostprocessing = 0;
		};
/* End PBXFrameworksBuildPhase section */

/* Begin PBXGroup section */
		1D297A2E2465EA8A00425E88 /* models and scenes */ = {
			isa = PBXGroup;
			children = (
				1D297A2A2465C10000425E88 /* Food101.mlmodel */,
				1D297A2C2465EA7A00425E88 /* emojiyum.scn */,
				1D297A3624677D8700425E88 /* OBJ thinking.scn */,
			);
			path = "models and scenes";
			sourceTree = "<group>";
		};
		1D297A3F2467A17000425E88 /* SwiftUI */ = {
			isa = PBXGroup;
			children = (
				1D297A3B2467A15C00425E88 /* ContentView.swift */,
				1D6A98E6246E464E008E4525 /* LoginView.swift */,
			);
			path = SwiftUI;
			sourceTree = "<group>";
		};
		1D40AD7E23D7DCB500FDB4C6 /* Fonts */ = {
			isa = PBXGroup;
			children = (
				1D40AD8223D7DD3400FDB4C6 /* RestaurantMenu.ttf */,
				1D40AD8123D7DD3400FDB4C6 /* RestaurantMenuBook.ttf */,
				1D40AD7F23D7DD3400FDB4C6 /* RestaurantMenuBookCollege.ttf */,
				1D40AD8723D7FDED00FDB4C6 /* Rubik-Medium.ttf */,
				1D40AD8923D80AF000FDB4C6 /* Rubik-Regular.ttf */,
				1D40AD8F23DB94CE00FDB4C6 /* Rubik-Light.ttf */,
				1D40AD8023D7DD3400FDB4C6 /* RestaurantMenuHollow.ttf */,
			);
			path = Fonts;
			sourceTree = "<group>";
		};
		1D40AD9323DB95FE00FDB4C6 /* Table Cells */ = {
			isa = PBXGroup;
			children = (
				1DEF7FFE23BA7DFF002D98C1 /* RestaurantTableViewCell.swift */,
				1D40AD8D23DB8C8500FDB4C6 /* RestaurantDetailIconTextTableViewCell.swift */,
				1D40AD9123DB95E600FDB4C6 /* RestaurantDetailTextCell.swift */,
				1D6CEA9F2429B95500325A55 /* SeparatorTableViewCell.swift */,
				1D6CEAA1242A59E600325A55 /* MapKitTableViewCell.swift */,
				1D6A98E4246CC09B008E4525 /* DiscoverTableViewCell.swift */,
			);
			path = "Table Cells";
			sourceTree = "<group>";
		};
		1D6CEA922425159300325A55 /* Extensions */ = {
			isa = PBXGroup;
			children = (
				1D6CEA932425162B00325A55 /* UIColor+ext.swift */,
				1D6CEA9A24294CFE00325A55 /* UINavigationController+ext.swift */,
			);
			path = Extensions;
			sourceTree = "<group>";
		};
		1D6CEA9C2429691500325A55 /* Frameworks */ = {
			isa = PBXGroup;
			children = (
				1D297A402467A33200425E88 /* CloudKit.framework */,
				1D6CEA9D2429691500325A55 /* MapKit.framework */,
				CE765CBC10D4D1BFDD1D6159 /* Pods_FoodPin.framework */,
				F50A53AC5D3A6C0495D2FB91 /* Pods_FoodPinTests.framework */,
				3A53AF1B3B6D628234097897 /* Pods_FoodPinUITests.framework */,
			);
			name = Frameworks;
			sourceTree = "<group>";
		};
		1D8EBAF323B504BF00A95F13 = {
			isa = PBXGroup;
			children = (
				1D894F24243BEE3C00EA14DE /* FoodPin.xcdatamodeld */,
				1D8EBAFE23B504BF00A95F13 /* FoodPin */,
				1D8EBB1523B504C100A95F13 /* FoodPinTests */,
				1D8EBB2023B504C100A95F13 /* FoodPinUITests */,
				1D8EBAFD23B504BF00A95F13 /* Products */,
				1D6CEA9C2429691500325A55 /* Frameworks */,
				AA8A40A9133481CE501B69BA /* Pods */,
			);
			sourceTree = "<group>";
		};
		1D8EBAFD23B504BF00A95F13 /* Products */ = {
			isa = PBXGroup;
			children = (
				1D8EBAFC23B504BF00A95F13 /* NaijaFoodPin.app */,
				1D8EBB1223B504C100A95F13 /* FoodPinTests.xctest */,
				1D8EBB1D23B504C100A95F13 /* FoodPinUITests.xctest */,
			);
			name = Products;
			sourceTree = "<group>";
		};
		1D8EBAFE23B504BF00A95F13 /* FoodPin */ = {
			isa = PBXGroup;
			children = (
				1D6A50952460C3D5007F434D /* NaijaFoodPin.entitlements */,
				1D6CEA922425159300325A55 /* Extensions */,
				1D40AD7E23D7DCB500FDB4C6 /* Fonts */,
				1D8EBAFF23B504BF00A95F13 /* AppDelegate.swift */,
				1D8EBB0123B504BF00A95F13 /* SceneDelegate.swift */,
				1D297A3F2467A17000425E88 /* SwiftUI */,
				1DFB90402422936000D41F10 /* Storyboards */,
				1D8EBB0823B504C100A95F13 /* Assets.xcassets */,
				1D8EBB0D23B504C100A95F13 /* Info.plist */,
				1D297A2E2465EA8A00425E88 /* models and scenes */,
				1D40AD9323DB95FE00FDB4C6 /* Table Cells */,
				1DFB903E242292B500D41F10 /* Controllers */,
				1DFB903F2422933700D41F10 /* View Model */,
			);
			path = FoodPin;
			sourceTree = "<group>";
		};
		1D8EBB1523B504C100A95F13 /* FoodPinTests */ = {
			isa = PBXGroup;
			children = (
				1D8EBB1623B504C100A95F13 /* FoodPinTests.swift */,
				1D8EBB1823B504C100A95F13 /* Info.plist */,
			);
			path = FoodPinTests;
			sourceTree = "<group>";
		};
		1D8EBB2023B504C100A95F13 /* FoodPinUITests */ = {
			isa = PBXGroup;
			children = (
				1D8EBB2123B504C100A95F13 /* FoodPinUITests.swift */,
				1D8EBB2323B504C100A95F13 /* Info.plist */,
			);
			path = FoodPinUITests;
			sourceTree = "<group>";
		};
		1DFB903E242292B500D41F10 /* Controllers */ = {
			isa = PBXGroup;
			children = (
				1D8EBB2F23B55A6800A95F13 /* RestaurantTableViewController.swift */,
				1D5B105A23D0DCCA009DCE45 /* RestaurantDetailViewController.swift */,
				1D6CEAA3242D02F600325A55 /* MapViewController.swift */,
				1D6CEAA5242E90B800325A55 /* ReviewViewController.swift */,
				1D894F122432471500EA14DE /* RouteTableViewController.swift */,
				1D894F1A2437E96600EA14DE /* NewRestaurantTableViewController.swift */,
				1D83945C245A84A3000D4F80 /* RateEmojiViewController.swift */,
				1D6A507E245F2F88007F434D /* WalkthroughViewController.swift */,
				1D6A5080245F3626007F434D /* WalkthroughPageViewController.swift */,
				1D6A5082245F36FB007F434D /* WalkthroughContentViewController.swift */,
				1D6A509124609222007F434D /* AboutTableTableViewController.swift */,
				1D6A50932460A3C2007F434D /* WebViewController.swift */,
				1D297A442467C03700425E88 /* RealContentViewController.swift */,
				1D6A98E2246CB227008E4525 /* DiscoverTableViewController.swift */,
				1D6A98E824707035008E4525 /* PhotoViewController.swift */,
			);
			path = Controllers;
			sourceTree = "<group>";
		};
		1DFB903F2422933700D41F10 /* View Model */ = {
			isa = PBXGroup;
			children = (
				1D40AD3323D2525300FDB4C6 /* Restaurant.swift */,
				1D40AD8B23D8A10A00FDB4C6 /* RestaurantDetailHeaderView.swift */,
				1D894F14243581C900EA14DE /* RoundedTextField.swift */,
			);
			path = "View Model";
			sourceTree = "<group>";
		};
		1DFB90402422936000D41F10 /* Storyboards */ = {
			isa = PBXGroup;
			children = (
				1D8EBB0523B504BF00A95F13 /* Main.storyboard */,
				1D8EBB0A23B504C100A95F13 /* LaunchScreen.storyboard */,
				1D6A507C245E2AA9007F434D /* OnBoarding.storyboard */,
				1D6A508C245FB9A9007F434D /* Discover.storyboard */,
				1D6A508E245FC653007F434D /* About.storyboard */,
			);
			path = Storyboards;
			sourceTree = "<group>";
		};
		AA8A40A9133481CE501B69BA /* Pods */ = {
			isa = PBXGroup;
			children = (
				B223413B015174379A4A991E /* Pods-FoodPin.debug.xcconfig */,
				7EB2A67BC2B8D16E977F87FC /* Pods-FoodPin.release.xcconfig */,
				329F81158023D6E982530B7E /* Pods-FoodPinTests.debug.xcconfig */,
				39587D2EB077FC465E318F87 /* Pods-FoodPinTests.release.xcconfig */,
				C6AE7F02D213D8101AFC8727 /* Pods-FoodPinUITests.debug.xcconfig */,
				3128AB8AF364DABB9E81E7C9 /* Pods-FoodPinUITests.release.xcconfig */,
			);
			name = Pods;
			sourceTree = "<group>";
		};
/* End PBXGroup section */

/* Begin PBXNativeTarget section */
		1D8EBAFB23B504BF00A95F13 /* FoodPin */ = {
			isa = PBXNativeTarget;
			buildConfigurationList = 1D8EBB2623B504C100A95F13 /* Build configuration list for PBXNativeTarget "FoodPin" */;
			buildPhases = (
				89BA3EBA5EE57CAADCBC1253 /* [CP] Check Pods Manifest.lock */,
				1D8EBAF823B504BF00A95F13 /* Sources */,
				1D8EBAF923B504BF00A95F13 /* Frameworks */,
				1D8EBAFA23B504BF00A95F13 /* Resources */,
				9167892BEA5523FB83CD766B /* [CP] Embed Pods Frameworks */,
			);
			buildRules = (
			);
			dependencies = (
			);
			name = FoodPin;
			productName = FoodPin;
			productReference = 1D8EBAFC23B504BF00A95F13 /* NaijaFoodPin.app */;
			productType = "com.apple.product-type.application";
		};
		1D8EBB1123B504C100A95F13 /* FoodPinTests */ = {
			isa = PBXNativeTarget;
			buildConfigurationList = 1D8EBB2923B504C100A95F13 /* Build configuration list for PBXNativeTarget "FoodPinTests" */;
			buildPhases = (
				1EFAFE40A49A89544A5DFD7C /* [CP] Check Pods Manifest.lock */,
				1D8EBB0E23B504C100A95F13 /* Sources */,
				1D8EBB0F23B504C100A95F13 /* Frameworks */,
				1D8EBB1023B504C100A95F13 /* Resources */,
			);
			buildRules = (
			);
			dependencies = (
				1D8EBB1423B504C100A95F13 /* PBXTargetDependency */,
			);
			name = FoodPinTests;
			productName = FoodPinTests;
			productReference = 1D8EBB1223B504C100A95F13 /* FoodPinTests.xctest */;
			productType = "com.apple.product-type.bundle.unit-test";
		};
		1D8EBB1C23B504C100A95F13 /* FoodPinUITests */ = {
			isa = PBXNativeTarget;
			buildConfigurationList = 1D8EBB2C23B504C100A95F13 /* Build configuration list for PBXNativeTarget "FoodPinUITests" */;
			buildPhases = (
				B7E0995E308223B4777C7751 /* [CP] Check Pods Manifest.lock */,
				1D8EBB1923B504C100A95F13 /* Sources */,
				1D8EBB1A23B504C100A95F13 /* Frameworks */,
				1D8EBB1B23B504C100A95F13 /* Resources */,
			);
			buildRules = (
			);
			dependencies = (
				1D8EBB1F23B504C100A95F13 /* PBXTargetDependency */,
			);
			name = FoodPinUITests;
			productName = FoodPinUITests;
			productReference = 1D8EBB1D23B504C100A95F13 /* FoodPinUITests.xctest */;
			productType = "com.apple.product-type.bundle.ui-testing";
		};
/* End PBXNativeTarget section */

/* Begin PBXProject section */
		1D8EBAF423B504BF00A95F13 /* Project object */ = {
			isa = PBXProject;
			attributes = {
				LastSwiftUpdateCheck = 1120;
				LastUpgradeCheck = 1120;
				ORGANIZATIONNAME = "Makaveli Ohaya";
				TargetAttributes = {
					1D8EBAFB23B504BF00A95F13 = {
						CreatedOnToolsVersion = 11.2;
					};
					1D8EBB1123B504C100A95F13 = {
						CreatedOnToolsVersion = 11.2;
						TestTargetID = 1D8EBAFB23B504BF00A95F13;
					};
					1D8EBB1C23B504C100A95F13 = {
						CreatedOnToolsVersion = 11.2;
						TestTargetID = 1D8EBAFB23B504BF00A95F13;
					};
				};
			};
			buildConfigurationList = 1D8EBAF723B504BF00A95F13 /* Build configuration list for PBXProject "FoodPin" */;
			compatibilityVersion = "Xcode 11.4";
			developmentRegion = en;
			hasScannedForEncodings = 0;
			knownRegions = (
				en,
				Base,
			);
			mainGroup = 1D8EBAF323B504BF00A95F13;
			productRefGroup = 1D8EBAFD23B504BF00A95F13 /* Products */;
			projectDirPath = "";
			projectRoot = "";
			targets = (
				1D8EBAFB23B504BF00A95F13 /* FoodPin */,
				1D8EBB1123B504C100A95F13 /* FoodPinTests */,
				1D8EBB1C23B504C100A95F13 /* FoodPinUITests */,
			);
		};
/* End PBXProject section */

/* Begin PBXResourcesBuildPhase section */
		1D8EBAFA23B504BF00A95F13 /* Resources */ = {
			isa = PBXResourcesBuildPhase;
			buildActionMask = 2147483647;
			files = (
				1D6A507D245E2AA9007F434D /* OnBoarding.storyboard in Resources */,
				1D40AD8423D7DD3400FDB4C6 /* RestaurantMenuHollow.ttf in Resources */,
				1D40AD8523D7DD3400FDB4C6 /* RestaurantMenuBook.ttf in Resources */,
				1D8EBB0C23B504C100A95F13 /* LaunchScreen.storyboard in Resources */,
				1D6A5090245FC653007F434D /* About.storyboard in Resources */,
				1D40AD8A23D80AF000FDB4C6 /* Rubik-Regular.ttf in Resources */,
				1D40AD8323D7DD3400FDB4C6 /* RestaurantMenuBookCollege.ttf in Resources */,
				1D297A3724677D8700425E88 /* OBJ thinking.scn in Resources */,
				1D8EBB0923B504C100A95F13 /* Assets.xcassets in Resources */,
				1D297A2D2465EA7B00425E88 /* emojiyum.scn in Resources */,
				1D40AD9023DB94CE00FDB4C6 /* Rubik-Light.ttf in Resources */,
				1D6A508D245FB9A9007F434D /* Discover.storyboard in Resources */,
				1D8EBB0723B504BF00A95F13 /* Main.storyboard in Resources */,
				1D40AD8823D7FDED00FDB4C6 /* Rubik-Medium.ttf in Resources */,
			);
			runOnlyForDeploymentPostprocessing = 0;
		};
		1D8EBB1023B504C100A95F13 /* Resources */ = {
			isa = PBXResourcesBuildPhase;
			buildActionMask = 2147483647;
			files = (
				1D6A98EF2475D4F3008E4525 /* FoodPinTests.xctest in Resources */,
				1D297A322465F0A600425E88 /* emojiyum.scn in Resources */,
				1D061C7C24776A8600E04F04 /* FoodPinUITests.xctest in Resources */,
				1D6A98F22475D4F8008E4525 /* NaijaFoodPin.app in Resources */,
			);
			runOnlyForDeploymentPostprocessing = 0;
		};
		1D8EBB1B23B504C100A95F13 /* Resources */ = {
			isa = PBXResourcesBuildPhase;
			buildActionMask = 2147483647;
			files = (
				1D6A98F02475D4F4008E4525 /* FoodPinTests.xctest in Resources */,
				1D297A312465F0A500425E88 /* emojiyum.scn in Resources */,
				1D061C7D24776A8700E04F04 /* FoodPinUITests.xctest in Resources */,
				1D6A98F32475D4F9008E4525 /* NaijaFoodPin.app in Resources */,
			);
			runOnlyForDeploymentPostprocessing = 0;
		};
/* End PBXResourcesBuildPhase section */

/* Begin PBXShellScriptBuildPhase section */
		1EFAFE40A49A89544A5DFD7C /* [CP] Check Pods Manifest.lock */ = {
			isa = PBXShellScriptBuildPhase;
			buildActionMask = 2147483647;
			files = (
			);
			inputPaths = (
				"${PODS_PODFILE_DIR_PATH}/Podfile.lock",
				"${PODS_ROOT}/Manifest.lock",
			);
			name = "[CP] Check Pods Manifest.lock";
			outputPaths = (
				"$(DERIVED_FILE_DIR)/Pods-FoodPinTests-checkManifestLockResult.txt",
			);
			runOnlyForDeploymentPostprocessing = 0;
			shellPath = /bin/sh;
			shellScript = "diff \"${PODS_PODFILE_DIR_PATH}/Podfile.lock\" \"${PODS_ROOT}/Manifest.lock\" > /dev/null\nif [ $? != 0 ] ; then\n    # print error to STDERR\n    echo \"error: The sandbox is not in sync with the Podfile.lock. Run 'pod install' or update your CocoaPods installation.\" >&2\n    exit 1\nfi\n# This output is used by Xcode 'outputs' to avoid re-running this script phase.\necho \"SUCCESS\" > \"${SCRIPT_OUTPUT_FILE_0}\"\n";
			showEnvVarsInLog = 0;
		};
		89BA3EBA5EE57CAADCBC1253 /* [CP] Check Pods Manifest.lock */ = {
			isa = PBXShellScriptBuildPhase;
			buildActionMask = 2147483647;
			files = (
			);
			inputPaths = (
				"${PODS_PODFILE_DIR_PATH}/Podfile.lock",
				"${PODS_ROOT}/Manifest.lock",
			);
			name = "[CP] Check Pods Manifest.lock";
			outputPaths = (
				"$(DERIVED_FILE_DIR)/Pods-FoodPin-checkManifestLockResult.txt",
			);
			runOnlyForDeploymentPostprocessing = 0;
			shellPath = /bin/sh;
			shellScript = "diff \"${PODS_PODFILE_DIR_PATH}/Podfile.lock\" \"${PODS_ROOT}/Manifest.lock\" > /dev/null\nif [ $? != 0 ] ; then\n    # print error to STDERR\n    echo \"error: The sandbox is not in sync with the Podfile.lock. Run 'pod install' or update your CocoaPods installation.\" >&2\n    exit 1\nfi\n# This output is used by Xcode 'outputs' to avoid re-running this script phase.\necho \"SUCCESS\" > \"${SCRIPT_OUTPUT_FILE_0}\"\n";
			showEnvVarsInLog = 0;
		};
		9167892BEA5523FB83CD766B /* [CP] Embed Pods Frameworks */ = {
			isa = PBXShellScriptBuildPhase;
			buildActionMask = 2147483647;
			files = (
			);
			inputPaths = (
				"${SRCROOT}/Pods/Target Support Files/Pods-FoodPin/Pods-FoodPin-frameworks.sh",
				"${BUILT_PRODUCTS_DIR}/SDWebImage/SDWebImage.framework",
				"${BUILT_PRODUCTS_DIR}/SDWebImageSwiftUI/SDWebImageSwiftUI.framework",
			);
			name = "[CP] Embed Pods Frameworks";
			outputPaths = (
				"${TARGET_BUILD_DIR}/${FRAMEWORKS_FOLDER_PATH}/SDWebImage.framework",
				"${TARGET_BUILD_DIR}/${FRAMEWORKS_FOLDER_PATH}/SDWebImageSwiftUI.framework",
			);
			runOnlyForDeploymentPostprocessing = 0;
			shellPath = /bin/sh;
			shellScript = "\"${SRCROOT}/Pods/Target Support Files/Pods-FoodPin/Pods-FoodPin-frameworks.sh\"\n";
			showEnvVarsInLog = 0;
		};
		B7E0995E308223B4777C7751 /* [CP] Check Pods Manifest.lock */ = {
			isa = PBXShellScriptBuildPhase;
			buildActionMask = 2147483647;
			files = (
			);
			inputPaths = (
				"${PODS_PODFILE_DIR_PATH}/Podfile.lock",
				"${PODS_ROOT}/Manifest.lock",
			);
			name = "[CP] Check Pods Manifest.lock";
			outputPaths = (
				"$(DERIVED_FILE_DIR)/Pods-FoodPinUITests-checkManifestLockResult.txt",
			);
			runOnlyForDeploymentPostprocessing = 0;
			shellPath = /bin/sh;
			shellScript = "diff \"${PODS_PODFILE_DIR_PATH}/Podfile.lock\" \"${PODS_ROOT}/Manifest.lock\" > /dev/null\nif [ $? != 0 ] ; then\n    # print error to STDERR\n    echo \"error: The sandbox is not in sync with the Podfile.lock. Run 'pod install' or update your CocoaPods installation.\" >&2\n    exit 1\nfi\n# This output is used by Xcode 'outputs' to avoid re-running this script phase.\necho \"SUCCESS\" > \"${SCRIPT_OUTPUT_FILE_0}\"\n";
			showEnvVarsInLog = 0;
		};
/* End PBXShellScriptBuildPhase section */

/* Begin PBXSourcesBuildPhase section */
		1D8EBAF823B504BF00A95F13 /* Sources */ = {
			isa = PBXSourcesBuildPhase;
			buildActionMask = 2147483647;
			files = (
				1DEF7FFF23BA7DFF002D98C1 /* RestaurantTableViewCell.swift in Sources */,
				1D894F15243581C900EA14DE /* RoundedTextField.swift in Sources */,
				1D40AD9223DB95E600FDB4C6 /* RestaurantDetailTextCell.swift in Sources */,
				1D6CEAA6242E90B800325A55 /* ReviewViewController.swift in Sources */,
				1D6A5081245F3626007F434D /* WalkthroughPageViewController.swift in Sources */,
				1D6CEAA2242A59E600325A55 /* MapKitTableViewCell.swift in Sources */,
				1D894F1B2437E96600EA14DE /* NewRestaurantTableViewController.swift in Sources */,
				1D8EBB0023B504BF00A95F13 /* AppDelegate.swift in Sources */,
				1D6A509224609222007F434D /* AboutTableTableViewController.swift in Sources */,
				1D83945D245A84A3000D4F80 /* RateEmojiViewController.swift in Sources */,
				1D6CEAA02429B95500325A55 /* SeparatorTableViewCell.swift in Sources */,
				1D297A2B2465C10000425E88 /* Food101.mlmodel in Sources */,
				1D894F26243BEE3C00EA14DE /* FoodPin.xcdatamodeld in Sources */,
				1D40AD3423D2525300FDB4C6 /* Restaurant.swift in Sources */,
				1D6A50942460A3C2007F434D /* WebViewController.swift in Sources */,
				1D40AD8E23DB8C8500FDB4C6 /* RestaurantDetailIconTextTableViewCell.swift in Sources */,
				1D40AD8C23D8A10A00FDB4C6 /* RestaurantDetailHeaderView.swift in Sources */,
				1D5B105B23D0DCCA009DCE45 /* RestaurantDetailViewController.swift in Sources */,
				1D8EBB0223B504BF00A95F13 /* SceneDelegate.swift in Sources */,
				1D6A507F245F2F88007F434D /* WalkthroughViewController.swift in Sources */,
				1D8EBB3023B55A6800A95F13 /* RestaurantTableViewController.swift in Sources */,
				1D297A3C2467A15C00425E88 /* ContentView.swift in Sources */,
				1D6A98E7246E464E008E4525 /* LoginView.swift in Sources */,
				1D6A98E3246CB227008E4525 /* DiscoverTableViewController.swift in Sources */,
				1D6CEA9B24294CFE00325A55 /* UINavigationController+ext.swift in Sources */,
				1D6CEA942425162B00325A55 /* UIColor+ext.swift in Sources */,
				1D297A452467C03700425E88 /* RealContentViewController.swift in Sources */,
				1D6A98E5246CC09B008E4525 /* DiscoverTableViewCell.swift in Sources */,
				1D6A5083245F36FB007F434D /* WalkthroughContentViewController.swift in Sources */,
				1D6A98E924707035008E4525 /* PhotoViewController.swift in Sources */,
				1D6CEAA4242D02F600325A55 /* MapViewController.swift in Sources */,
				1D894F132432471500EA14DE /* RouteTableViewController.swift in Sources */,
			);
			runOnlyForDeploymentPostprocessing = 0;
		};
		1D8EBB0E23B504C100A95F13 /* Sources */ = {
			isa = PBXSourcesBuildPhase;
			buildActionMask = 2147483647;
			files = (
				1D8EBB1723B504C100A95F13 /* FoodPinTests.swift in Sources */,
				1D297A332465F19400425E88 /* RateEmojiViewController.swift in Sources */,
			);
			runOnlyForDeploymentPostprocessing = 0;
		};
		1D8EBB1923B504C100A95F13 /* Sources */ = {
			isa = PBXSourcesBuildPhase;
			buildActionMask = 2147483647;
			files = (
				1D8EBB2223B504C100A95F13 /* FoodPinUITests.swift in Sources */,
				1D297A2F2465F09200425E88 /* RateEmojiViewController.swift in Sources */,
			);
			runOnlyForDeploymentPostprocessing = 0;
		};
/* End PBXSourcesBuildPhase section */

/* Begin PBXTargetDependency section */
		1D8EBB1423B504C100A95F13 /* PBXTargetDependency */ = {
			isa = PBXTargetDependency;
			target = 1D8EBAFB23B504BF00A95F13 /* FoodPin */;
			targetProxy = 1D8EBB1323B504C100A95F13 /* PBXContainerItemProxy */;
		};
		1D8EBB1F23B504C100A95F13 /* PBXTargetDependency */ = {
			isa = PBXTargetDependency;
			target = 1D8EBAFB23B504BF00A95F13 /* FoodPin */;
			targetProxy = 1D8EBB1E23B504C100A95F13 /* PBXContainerItemProxy */;
		};
/* End PBXTargetDependency section */

/* Begin PBXVariantGroup section */
		1D6A508E245FC653007F434D /* About.storyboard */ = {
			isa = PBXVariantGroup;
			children = (
				1D6A508F245FC653007F434D /* Base */,
			);
			name = About.storyboard;
			sourceTree = "<group>";
		};
		1D8EBB0523B504BF00A95F13 /* Main.storyboard */ = {
			isa = PBXVariantGroup;
			children = (
				1D8EBB0623B504BF00A95F13 /* Base */,
			);
			name = Main.storyboard;
			sourceTree = "<group>";
		};
		1D8EBB0A23B504C100A95F13 /* LaunchScreen.storyboard */ = {
			isa = PBXVariantGroup;
			children = (
				1D8EBB0B23B504C100A95F13 /* Base */,
			);
			name = LaunchScreen.storyboard;
			sourceTree = "<group>";
		};
/* End PBXVariantGroup section */

/* Begin XCBuildConfiguration section */
		1D8EBB2423B504C100A95F13 /* Debug */ = {
			isa = XCBuildConfiguration;
			buildSettings = {
				ALWAYS_SEARCH_USER_PATHS = NO;
				CLANG_ANALYZER_NONNULL = YES;
				CLANG_ANALYZER_NUMBER_OBJECT_CONVERSION = YES_AGGRESSIVE;
				CLANG_CXX_LANGUAGE_STANDARD = "gnu++14";
				CLANG_CXX_LIBRARY = "libc++";
				CLANG_ENABLE_MODULES = YES;
				CLANG_ENABLE_OBJC_ARC = YES;
				CLANG_ENABLE_OBJC_WEAK = YES;
				CLANG_WARN_BLOCK_CAPTURE_AUTORELEASING = YES;
				CLANG_WARN_BOOL_CONVERSION = YES;
				CLANG_WARN_COMMA = YES;
				CLANG_WARN_CONSTANT_CONVERSION = YES;
				CLANG_WARN_DEPRECATED_OBJC_IMPLEMENTATIONS = YES;
				CLANG_WARN_DIRECT_OBJC_ISA_USAGE = YES_ERROR;
				CLANG_WARN_DOCUMENTATION_COMMENTS = YES;
				CLANG_WARN_EMPTY_BODY = YES;
				CLANG_WARN_ENUM_CONVERSION = YES;
				CLANG_WARN_INFINITE_RECURSION = YES;
				CLANG_WARN_INT_CONVERSION = YES;
				CLANG_WARN_NON_LITERAL_NULL_CONVERSION = YES;
				CLANG_WARN_OBJC_IMPLICIT_RETAIN_SELF = YES;
				CLANG_WARN_OBJC_LITERAL_CONVERSION = YES;
				CLANG_WARN_OBJC_ROOT_CLASS = YES_ERROR;
				CLANG_WARN_RANGE_LOOP_ANALYSIS = YES;
				CLANG_WARN_STRICT_PROTOTYPES = YES;
				CLANG_WARN_SUSPICIOUS_MOVE = YES;
				CLANG_WARN_UNGUARDED_AVAILABILITY = YES_AGGRESSIVE;
				CLANG_WARN_UNREACHABLE_CODE = YES;
				CLANG_WARN__DUPLICATE_METHOD_MATCH = YES;
				COPY_PHASE_STRIP = NO;
				DEBUG_INFORMATION_FORMAT = dwarf;
				ENABLE_STRICT_OBJC_MSGSEND = YES;
				ENABLE_TESTABILITY = YES;
				GCC_C_LANGUAGE_STANDARD = gnu11;
				GCC_DYNAMIC_NO_PIC = NO;
				GCC_NO_COMMON_BLOCKS = YES;
				GCC_OPTIMIZATION_LEVEL = 0;
				GCC_PREPROCESSOR_DEFINITIONS = (
					"DEBUG=1",
					"$(inherited)",
				);
				GCC_WARN_64_TO_32_BIT_CONVERSION = YES;
				GCC_WARN_ABOUT_RETURN_TYPE = YES_ERROR;
				GCC_WARN_UNDECLARED_SELECTOR = YES;
				GCC_WARN_UNINITIALIZED_AUTOS = YES_AGGRESSIVE;
				GCC_WARN_UNUSED_FUNCTION = YES;
				GCC_WARN_UNUSED_VARIABLE = YES;
				IPHONEOS_DEPLOYMENT_TARGET = 13.2;
				MTL_ENABLE_DEBUG_INFO = INCLUDE_SOURCE;
				MTL_FAST_MATH = YES;
				ONLY_ACTIVE_ARCH = YES;
				SDKROOT = iphoneos;
				SWIFT_ACTIVE_COMPILATION_CONDITIONS = DEBUG;
				SWIFT_OPTIMIZATION_LEVEL = "-Onone";
			};
			name = Debug;
		};
		1D8EBB2523B504C100A95F13 /* Release */ = {
			isa = XCBuildConfiguration;
			buildSettings = {
				ALWAYS_SEARCH_USER_PATHS = NO;
				CLANG_ANALYZER_NONNULL = YES;
				CLANG_ANALYZER_NUMBER_OBJECT_CONVERSION = YES_AGGRESSIVE;
				CLANG_CXX_LANGUAGE_STANDARD = "gnu++14";
				CLANG_CXX_LIBRARY = "libc++";
				CLANG_ENABLE_MODULES = YES;
				CLANG_ENABLE_OBJC_ARC = YES;
				CLANG_ENABLE_OBJC_WEAK = YES;
				CLANG_WARN_BLOCK_CAPTURE_AUTORELEASING = YES;
				CLANG_WARN_BOOL_CONVERSION = YES;
				CLANG_WARN_COMMA = YES;
				CLANG_WARN_CONSTANT_CONVERSION = YES;
				CLANG_WARN_DEPRECATED_OBJC_IMPLEMENTATIONS = YES;
				CLANG_WARN_DIRECT_OBJC_ISA_USAGE = YES_ERROR;
				CLANG_WARN_DOCUMENTATION_COMMENTS = YES;
				CLANG_WARN_EMPTY_BODY = YES;
				CLANG_WARN_ENUM_CONVERSION = YES;
				CLANG_WARN_INFINITE_RECURSION = YES;
				CLANG_WARN_INT_CONVERSION = YES;
				CLANG_WARN_NON_LITERAL_NULL_CONVERSION = YES;
				CLANG_WARN_OBJC_IMPLICIT_RETAIN_SELF = YES;
				CLANG_WARN_OBJC_LITERAL_CONVERSION = YES;
				CLANG_WARN_OBJC_ROOT_CLASS = YES_ERROR;
				CLANG_WARN_RANGE_LOOP_ANALYSIS = YES;
				CLANG_WARN_STRICT_PROTOTYPES = YES;
				CLANG_WARN_SUSPICIOUS_MOVE = YES;
				CLANG_WARN_UNGUARDED_AVAILABILITY = YES_AGGRESSIVE;
				CLANG_WARN_UNREACHABLE_CODE = YES;
				CLANG_WARN__DUPLICATE_METHOD_MATCH = YES;
				COPY_PHASE_STRIP = NO;
				DEBUG_INFORMATION_FORMAT = "dwarf-with-dsym";
				ENABLE_NS_ASSERTIONS = NO;
				ENABLE_STRICT_OBJC_MSGSEND = YES;
				GCC_C_LANGUAGE_STANDARD = gnu11;
				GCC_NO_COMMON_BLOCKS = YES;
				GCC_WARN_64_TO_32_BIT_CONVERSION = YES;
				GCC_WARN_ABOUT_RETURN_TYPE = YES_ERROR;
				GCC_WARN_UNDECLARED_SELECTOR = YES;
				GCC_WARN_UNINITIALIZED_AUTOS = YES_AGGRESSIVE;
				GCC_WARN_UNUSED_FUNCTION = YES;
				GCC_WARN_UNUSED_VARIABLE = YES;
				IPHONEOS_DEPLOYMENT_TARGET = 13.2;
				MTL_ENABLE_DEBUG_INFO = NO;
				MTL_FAST_MATH = YES;
				SDKROOT = iphoneos;
				SWIFT_COMPILATION_MODE = wholemodule;
				SWIFT_OPTIMIZATION_LEVEL = "-O";
				VALIDATE_PRODUCT = YES;
			};
			name = Release;
		};
		1D8EBB2723B504C100A95F13 /* Debug */ = {
			isa = XCBuildConfiguration;
			baseConfigurationReference = B223413B015174379A4A991E /* Pods-FoodPin.debug.xcconfig */;
			buildSettings = {
				CODE_SIGN_ENTITLEMENTS = FoodPin/NaijaFoodPin.entitlements;
				CODE_SIGN_STYLE = Automatic;
				DEVELOPMENT_TEAM = 8QHSLQU2WK;
				INFOPLIST_FILE = FoodPin/Info.plist;
				IPHONEOS_DEPLOYMENT_TARGET = 13.4;
				LD_RUNPATH_SEARCH_PATHS = (
					"$(inherited)",
					"@executable_path/Frameworks",
				);
				PRODUCT_BUNDLE_IDENTIFIER = com.company.lma.FoodPin;
				PRODUCT_NAME = NaijaFoodPin;
				SWIFT_VERSION = 5.0;
				TARGETED_DEVICE_FAMILY = "1,2";
			};
			name = Debug;
		};
		1D8EBB2823B504C100A95F13 /* Release */ = {
			isa = XCBuildConfiguration;
			baseConfigurationReference = 7EB2A67BC2B8D16E977F87FC /* Pods-FoodPin.release.xcconfig */;
			buildSettings = {
				CODE_SIGN_ENTITLEMENTS = FoodPin/NaijaFoodPin.entitlements;
				CODE_SIGN_STYLE = Automatic;
				DEVELOPMENT_TEAM = 8QHSLQU2WK;
				INFOPLIST_FILE = FoodPin/Info.plist;
				IPHONEOS_DEPLOYMENT_TARGET = 13.4;
				LD_RUNPATH_SEARCH_PATHS = (
					"$(inherited)",
					"@executable_path/Frameworks",
				);
				PRODUCT_BUNDLE_IDENTIFIER = com.company.lma.FoodPin;
				PRODUCT_NAME = NaijaFoodPin;
				SWIFT_VERSION = 5.0;
				TARGETED_DEVICE_FAMILY = "1,2";
			};
			name = Release;
		};
		1D8EBB2A23B504C100A95F13 /* Debug */ = {
			isa = XCBuildConfiguration;
			baseConfigurationReference = 329F81158023D6E982530B7E /* Pods-FoodPinTests.debug.xcconfig */;
			buildSettings = {
				ALWAYS_EMBED_SWIFT_STANDARD_LIBRARIES = YES;
				BUNDLE_LOADER = "$(TEST_HOST)";
				CODE_SIGN_STYLE = Automatic;
				DEVELOPMENT_TEAM = 8QHSLQU2WK;
				INFOPLIST_FILE = FoodPinTests/Info.plist;
				IPHONEOS_DEPLOYMENT_TARGET = 13.2;
				LD_RUNPATH_SEARCH_PATHS = (
					"$(inherited)",
					"@executable_path/Frameworks",
					"@loader_path/Frameworks",
				);
				PRODUCT_BUNDLE_IDENTIFIER = com.company.lma.FoodPinTests;
				PRODUCT_NAME = "$(TARGET_NAME)";
				SWIFT_VERSION = 5.0;
				TARGETED_DEVICE_FAMILY = "1,2";
				TEST_HOST = "$(BUILT_PRODUCTS_DIR)/FoodPin.app/FoodPin";
			};
			name = Debug;
		};
		1D8EBB2B23B504C100A95F13 /* Release */ = {
			isa = XCBuildConfiguration;
			baseConfigurationReference = 39587D2EB077FC465E318F87 /* Pods-FoodPinTests.release.xcconfig */;
			buildSettings = {
				ALWAYS_EMBED_SWIFT_STANDARD_LIBRARIES = YES;
				BUNDLE_LOADER = "$(TEST_HOST)";
				CODE_SIGN_STYLE = Automatic;
				DEVELOPMENT_TEAM = 8QHSLQU2WK;
				INFOPLIST_FILE = FoodPinTests/Info.plist;
				IPHONEOS_DEPLOYMENT_TARGET = 13.2;
				LD_RUNPATH_SEARCH_PATHS = (
					"$(inherited)",
					"@executable_path/Frameworks",
					"@loader_path/Frameworks",
				);
				PRODUCT_BUNDLE_IDENTIFIER = com.company.lma.FoodPinTests;
				PRODUCT_NAME = "$(TARGET_NAME)";
				SWIFT_VERSION = 5.0;
				TARGETED_DEVICE_FAMILY = "1,2";
				TEST_HOST = "$(BUILT_PRODUCTS_DIR)/FoodPin.app/FoodPin";
			};
			name = Release;
		};
		1D8EBB2D23B504C100A95F13 /* Debug */ = {
			isa = XCBuildConfiguration;
			baseConfigurationReference = C6AE7F02D213D8101AFC8727 /* Pods-FoodPinUITests.debug.xcconfig */;
			buildSettings = {
				ALWAYS_EMBED_SWIFT_STANDARD_LIBRARIES = YES;
				CODE_SIGN_STYLE = Automatic;
				DEVELOPMENT_TEAM = 8QHSLQU2WK;
				INFOPLIST_FILE = FoodPinUITests/Info.plist;
				LD_RUNPATH_SEARCH_PATHS = (
					"$(inherited)",
					"@executable_path/Frameworks",
					"@loader_path/Frameworks",
				);
				PRODUCT_BUNDLE_IDENTIFIER = com.company.lma.FoodPinUITests;
				PRODUCT_NAME = "$(TARGET_NAME)";
				SWIFT_VERSION = 5.0;
				TARGETED_DEVICE_FAMILY = "1,2";
				TEST_TARGET_NAME = FoodPin;
			};
			name = Debug;
		};
		1D8EBB2E23B504C100A95F13 /* Release */ = {
			isa = XCBuildConfiguration;
			baseConfigurationReference = 3128AB8AF364DABB9E81E7C9 /* Pods-FoodPinUITests.release.xcconfig */;
			buildSettings = {
				ALWAYS_EMBED_SWIFT_STANDARD_LIBRARIES = YES;
				CODE_SIGN_STYLE = Automatic;
				DEVELOPMENT_TEAM = 8QHSLQU2WK;
				INFOPLIST_FILE = FoodPinUITests/Info.plist;
				LD_RUNPATH_SEARCH_PATHS = (
					"$(inherited)",
					"@executable_path/Frameworks",
					"@loader_path/Frameworks",
				);
				PRODUCT_BUNDLE_IDENTIFIER = com.company.lma.FoodPinUITests;
				PRODUCT_NAME = "$(TARGET_NAME)";
				SWIFT_VERSION = 5.0;
				TARGETED_DEVICE_FAMILY = "1,2";
				TEST_TARGET_NAME = FoodPin;
			};
			name = Release;
		};
/* End XCBuildConfiguration section */

/* Begin XCConfigurationList section */
		1D8EBAF723B504BF00A95F13 /* Build configuration list for PBXProject "FoodPin" */ = {
			isa = XCConfigurationList;
			buildConfigurations = (
				1D8EBB2423B504C100A95F13 /* Debug */,
				1D8EBB2523B504C100A95F13 /* Release */,
			);
			defaultConfigurationIsVisible = 0;
			defaultConfigurationName = Release;
		};
		1D8EBB2623B504C100A95F13 /* Build configuration list for PBXNativeTarget "FoodPin" */ = {
			isa = XCConfigurationList;
			buildConfigurations = (
				1D8EBB2723B504C100A95F13 /* Debug */,
				1D8EBB2823B504C100A95F13 /* Release */,
			);
			defaultConfigurationIsVisible = 0;
			defaultConfigurationName = Release;
		};
		1D8EBB2923B504C100A95F13 /* Build configuration list for PBXNativeTarget "FoodPinTests" */ = {
			isa = XCConfigurationList;
			buildConfigurations = (
				1D8EBB2A23B504C100A95F13 /* Debug */,
				1D8EBB2B23B504C100A95F13 /* Release */,
			);
			defaultConfigurationIsVisible = 0;
			defaultConfigurationName = Release;
		};
		1D8EBB2C23B504C100A95F13 /* Build configuration list for PBXNativeTarget "FoodPinUITests" */ = {
			isa = XCConfigurationList;
			buildConfigurations = (
				1D8EBB2D23B504C100A95F13 /* Debug */,
				1D8EBB2E23B504C100A95F13 /* Release */,
			);
			defaultConfigurationIsVisible = 0;
			defaultConfigurationName = Release;
		};
/* End XCConfigurationList section */

/* Begin XCVersionGroup section */
		1D894F24243BEE3C00EA14DE /* FoodPin.xcdatamodeld */ = {
			isa = XCVersionGroup;
			children = (
				1D894F25243BEE3C00EA14DE /* FoodPin.xcdatamodel */,
			);
			currentVersion = 1D894F25243BEE3C00EA14DE /* FoodPin.xcdatamodel */;
			path = FoodPin.xcdatamodeld;
			sourceTree = "<group>";
			versionGroupType = wrapper.xcdatamodel;
		};
/* End XCVersionGroup section */
	};
	rootObject = 1D8EBAF423B504BF00A95F13 /* Project object */;
}
